
Microsoft Visual Studio Solution File, Format Version 12.00
# Visual Studio 15
VisualStudioVersion = 15.0.28307.572
MinimumVisualStudioVersion = 10.0.40219.1
Project("{FAE04EC0-301F-11D3-BF4B-00C04F79EFBC}") = "SalesWebMvc", "SalesWebMvc\SalesWebMvc.csproj", "{6F4889A9-FC2A-4C5B-9205-C4A8AFD85113}"
EndProject
Global
	GlobalSection(SolutionConfigurationPlatforms) = preSolution
		Debug|Any CPU = Debug|Any CPU
		Release|Any CPU = Release|Any CPU
	EndGlobalSection
	GlobalSection(ProjectConfigurationPlatforms) = postSolution
		{6F4889A9-FC2A-4C5B-9205-C4A8AFD85113}.Debug|Any CPU.ActiveCfg = Debug|Any CPU
		{6F4889A9-FC2A-4C5B-9205-C4A8AFD85113}.Debug|Any CPU.Build.0 = Debug|Any CPU
		{6F4889A9-FC2A-4C5B-9205-C4A8AFD85113}.Release|Any CPU.ActiveCfg = Release|Any CPU
		{6F4889A9-FC2A-4C5B-9205-C4A8AFD85113}.Release|Any CPU.Build.0 = Release|Any CPU
	EndGlobalSection
	GlobalSection(SolutionProperties) = preSolution
		HideSolutionNode = FALSE
	EndGlobalSection
	GlobalSection(ExtensibilityGlobals) = postSolution
		SolutionGuid = {4B1CB12F-AEFB-45DA-A600-A04A3EC4333D}
	EndGlobalSection
EndGlobal
